<Solution>
  <Folder Name="/src/" />
  <Folder Name="/src/Modules/" />
  <Folder Name="/src/Modules/Identity/">
    <Project Path="src/Modules/Identity/Identity.Application/Identity.Application.csproj" />
    <Project Path="src/Modules/Identity/Identity.Domain/Identity.Domain.csproj" />
    <Project Path="src/Modules/Identity/Identity.Infrastructure/Identity.Infrastructure.csproj" />
    <Project Path="src/Modules/Identity/Identity.Persistence/Identity.Persistence.csproj" />
    <Project Path="src/Modules/Identity/Identity.Presentation/Identity.Presentation.csproj" Id="93b1e6eb-fac7-4954-a779-08c8a5b670a8" />
  </Folder>
  <Folder Name="/src/Shared/" />
  <Folder Name="/src/Shared/Shared/">
    <Project Path="src/Shared/Shared/Shared.csproj" />
  </Folder>
</Solution>
